{
  "name": "CRM_project_structure",
  "lockfileVersion": 2,
  "requires": true,
  "packages": {
    "": {
      "dependencies": {
        "@fullcalendar/interaction": "^6.1.6",
        "@fullcalendar/react": "^6.1.6"
      }
    },
    "node_modules/@fullcalendar/interaction": {
      "version": "6.1.6",
      "resolved": "https://registry.npmjs.org/@fullcalendar/interaction/-/interaction-6.1.6.tgz",
      "integrity": "sha512-6TjKbDHOkF3C9hIzIhxiTX5FCmNcaCeRk5CeKXHZiIi1Y8gQwIkUkwcZps5uj7PIvb3wNVw8FbF+RNRoloPUqQ==",
      "peerDependencies": {
        "@fullcalendar/core": "~6.1.6"
      }
    },
    "node_modules/@fullcalendar/react": {
      "version": "6.1.6",
      "resolved": "https://registry.npmjs.org/@fullcalendar/react/-/react-6.1.6.tgz",
      "integrity": "sha512-Ib1jl+4SwlyzM5JsVkhBEoB45hL11sQaN9O600XAa39lK2vSL4d0+ZTBSsBBdmezcHd/iECFk64jS0e3agGPVg==",
      "peerDependencies": {
        "@fullcalendar/core": "~6.1.6",
        "react": "^16.7.0 || ^17 || ^18",
        "react-dom": "^16.7.0 || ^17 || ^18"
      }
    }
  },
  "dependencies": {
    "@fullcalendar/interaction": {
      "version": "6.1.6",
      "resolved": "https://registry.npmjs.org/@fullcalendar/interaction/-/interaction-6.1.6.tgz",
      "integrity": "sha512-6TjKbDHOkF3C9hIzIhxiTX5FCmNcaCeRk5CeKXHZiIi1Y8gQwIkUkwcZps5uj7PIvb3wNVw8FbF+RNRoloPUqQ=="
    },
    "@fullcalendar/react": {
      "version": "6.1.6",
      "resolved": "https://registry.npmjs.org/@fullcalendar/react/-/react-6.1.6.tgz",
      "integrity": "sha512-Ib1jl+4SwlyzM5JsVkhBEoB45hL11sQaN9O600XAa39lK2vSL4d0+ZTBSsBBdmezcHd/iECFk64jS0e3agGPVg=="
    }
  }
}
